
Microsoft Visual Studio Solution File, Format Version 12.00
# Visual Studio 15
VisualStudioVersion = 15.0.28307.1000
MinimumVisualStudioVersion = 10.0.40219.1
Project("{8BC9CEB8-8B4A-11D0-8D11-00A0C91BC942}") = "ProyectoFinal", "ProyectoFinal\ProyectoFinal.vcxproj", "{7DD57F79-FF2B-45B1-AD8A-DD60BE9E8FDC}"
EndProject
Global
	GlobalSection(SolutionConfigurationPlatforms) = preSolution
		Debug|x64 = Debug|x64
		Debug|x86 = Debug|x86
		Release|x64 = Release|x64
		Release|x86 = Release|x86
	EndGlobalSection
	GlobalSection(ProjectConfigurationPlatforms) = postSolution
		{7DD57F79-FF2B-45B1-AD8A-DD60BE9E8FDC}.Debug|x64.ActiveCfg = Debug|x64
		{7DD57F79-FF2B-45B1-AD8A-DD60BE9E8FDC}.Debug|x64.Build.0 = Debug|x64
		{7DD57F79-FF2B-45B1-AD8A-DD60BE9E8FDC}.Debug|x86.ActiveCfg = Debug|Win32
		{7DD57F79-FF2B-45B1-AD8A-DD60BE9E8FDC}.Debug|x86.Build.0 = Debug|Win32
		{7DD57F79-FF2B-45B1-AD8A-DD60BE9E8FDC}.Release|x64.ActiveCfg = Release|x64
		{7DD57F79-FF2B-45B1-AD8A-DD60BE9E8FDC}.Release|x64.Build.0 = Release|x64
		{7DD57F79-FF2B-45B1-AD8A-DD60BE9E8FDC}.Release|x86.ActiveCfg = Release|Win32
		{7DD57F79-FF2B-45B1-AD8A-DD60BE9E8FDC}.Release|x86.Build.0 = Release|Win32
	EndGlobalSection
	GlobalSection(SolutionProperties) = preSolution
		HideSolutionNode = FALSE
	EndGlobalSection
	GlobalSection(ExtensibilityGlobals) = postSolution
		SolutionGuid = {1AE9B915-AC4E-4A2C-9EA7-0B09FCD68725}
	EndGlobalSection
EndGlobal
